{
  "version": "2",
  "remote": {},
  "npm": {
    "specifiers": {
      "svelte@3.58.0": "svelte@3.58.0"
    },
    "packages": {
      "svelte@3.58.0": {
        "integrity": "sha512-brIBNNB76mXFmU/Kerm4wFnkskBbluBDCjx/8TcpYRb298Yh2dztS2kQ6bhtjMcvUhd5ynClfwpz5h2gnzdQ1A==",
        "dependencies": {}
      }
    }
  }
}
